
Microsoft Visual Studio Solution File, Format Version 12.00
# Visual Studio Version 16
VisualStudioVersion = 16.0.29102.190
MinimumVisualStudioVersion = 10.0.40219.1
Project("{FAE04EC0-301F-11D3-BF4B-00C04F79EFBC}") = "WorkingWithEFCore", "WorkingWithEFCore\WorkingWithEFCore.csproj", "{E9E1932B-71E0-4342-8E90-7AAD8AD7F572}"
EndProject
Global
	GlobalSection(SolutionConfigurationPlatforms) = preSolution
		Debug|Any CPU = Debug|Any CPU
		Release|Any CPU = Release|Any CPU
	EndGlobalSection
	GlobalSection(ProjectConfigurationPlatforms) = postSolution
		{E9E1932B-71E0-4342-8E90-7AAD8AD7F572}.Debug|Any CPU.ActiveCfg = Debug|Any CPU
		{E9E1932B-71E0-4342-8E90-7AAD8AD7F572}.Debug|Any CPU.Build.0 = Debug|Any CPU
		{E9E1932B-71E0-4342-8E90-7AAD8AD7F572}.Release|Any CPU.ActiveCfg = Release|Any CPU
		{E9E1932B-71E0-4342-8E90-7AAD8AD7F572}.Release|Any CPU.Build.0 = Release|Any CPU
	EndGlobalSection
	GlobalSection(SolutionProperties) = preSolution
		HideSolutionNode = FALSE
	EndGlobalSection
	GlobalSection(ExtensibilityGlobals) = postSolution
		SolutionGuid = {10A5EF12-E0BB-4BA4-B1D4-A120B93BEBA9}
	EndGlobalSection
EndGlobal
